
Microsoft Visual Studio Solution File, Format Version 12.00
# Visual Studio Version 16
VisualStudioVersion = 16.0.29025.244
MinimumVisualStudioVersion = 10.0.40219.1
Project("{FAE04EC0-301F-11D3-BF4B-00C04F79EFBC}") = "corefirst", "corefirst\corefirst.csproj", "{EA9FCBED-F0A3-4541-A6C3-FEB442955B07}"
EndProject
Global
	GlobalSection(SolutionConfigurationPlatforms) = preSolution
		Debug|Any CPU = Debug|Any CPU
		Release|Any CPU = Release|Any CPU
	EndGlobalSection
	GlobalSection(ProjectConfigurationPlatforms) = postSolution
		{EA9FCBED-F0A3-4541-A6C3-FEB442955B07}.Debug|Any CPU.ActiveCfg = Debug|Any CPU
		{EA9FCBED-F0A3-4541-A6C3-FEB442955B07}.Debug|Any CPU.Build.0 = Debug|Any CPU
		{EA9FCBED-F0A3-4541-A6C3-FEB442955B07}.Release|Any CPU.ActiveCfg = Release|Any CPU
		{EA9FCBED-F0A3-4541-A6C3-FEB442955B07}.Release|Any CPU.Build.0 = Release|Any CPU
	EndGlobalSection
	GlobalSection(SolutionProperties) = preSolution
		HideSolutionNode = FALSE
	EndGlobalSection
	GlobalSection(ExtensibilityGlobals) = postSolution
		SolutionGuid = {F4D67052-EF00-4898-B43D-2829E7D70CD1}
	EndGlobalSection
EndGlobal
